
Microsoft Visual Studio Solution File, Format Version 12.00
# Visual Studio 15
VisualStudioVersion = 15.0.28307.757
MinimumVisualStudioVersion = 10.0.40219.1
Project("{2150E333-8FDC-42A3-9474-1A3956D46DE8}") = "Tareas", "Tareas", "{7A697625-7A11-4255-98C6-14F2BA6F3FF8}"
EndProject
Project("{2150E333-8FDC-42A3-9474-1A3956D46DE8}") = "A", "A", "{A0623B91-7D66-48E0-8379-99C1CCAC30ED}"
EndProject
Project("{2150E333-8FDC-42A3-9474-1A3956D46DE8}") = "As", "As", "{3465DC22-1ED2-4561-9E8B-F8EE08EE3EFB}"
EndProject
Global
	GlobalSection(SolutionProperties) = preSolution
		HideSolutionNode = FALSE
	EndGlobalSection
	GlobalSection(ExtensibilityGlobals) = postSolution
		SolutionGuid = {208A2144-4CB2-4FFC-9BEC-D24D979CB95E}
	EndGlobalSection
EndGlobal
